{
  "nodes": {
    "nixpkgs": {
      "locked": {
        "lastModified": 1593540764,
        "narHash": "sha256-5bwR0L7OOjRnxXkDw556XX0YaP85yKN0KQCP9UAajUI=",
        "owner": "NixOS",
        "repo": "nixpkgs",
        "rev": "b3251e04ee470c20f81e75d5a6080ba92dc7ed3f",
        "type": "github"
      },
      "original": {
        "owner": "NixOS",
        "repo": "nixpkgs",
        "rev": "b3251e04ee470c20f81e75d5a6080ba92dc7ed3f",
        "type": "github"
      }
    },
    "root": {
      "inputs": {
        "nixpkgs": "nixpkgs"
      }
    }
  },
  "root": "root",
  "version": 7
}
